
Microsoft Visual Studio Solution File, Format Version 12.00
# Visual Studio Version 17
VisualStudioVersion = 17.4.33213.308
MinimumVisualStudioVersion = 10.0.40219.1
Project("{9A19103F-16F7-4668-BE54-9A1E7A4F7556}") = "Tp1_WebApplication", "Tp1_WebApplication\Tp1_WebApplication.csproj", "{BEB0EA67-AE73-40E8-9AF6-47433ACB4BAF}"
EndProject
Project("{FAE04EC0-301F-11D3-BF4B-00C04F79EFBC}") = "Tp1_CoreApplication", "Tp1_CoreApplication\Tp1_CoreApplication.csproj", "{6D04C49F-A903-47BF-81EF-5738A69F3644}"
EndProject
Global
	GlobalSection(SolutionConfigurationPlatforms) = preSolution
		Debug|Any CPU = Debug|Any CPU
		Release|Any CPU = Release|Any CPU
	EndGlobalSection
	GlobalSection(ProjectConfigurationPlatforms) = postSolution
		{BEB0EA67-AE73-40E8-9AF6-47433ACB4BAF}.Debug|Any CPU.ActiveCfg = Debug|Any CPU
		{BEB0EA67-AE73-40E8-9AF6-47433ACB4BAF}.Debug|Any CPU.Build.0 = Debug|Any CPU
		{BEB0EA67-AE73-40E8-9AF6-47433ACB4BAF}.Release|Any CPU.ActiveCfg = Release|Any CPU
		{BEB0EA67-AE73-40E8-9AF6-47433ACB4BAF}.Release|Any CPU.Build.0 = Release|Any CPU
		{6D04C49F-A903-47BF-81EF-5738A69F3644}.Debug|Any CPU.ActiveCfg = Debug|Any CPU
		{6D04C49F-A903-47BF-81EF-5738A69F3644}.Debug|Any CPU.Build.0 = Debug|Any CPU
		{6D04C49F-A903-47BF-81EF-5738A69F3644}.Release|Any CPU.ActiveCfg = Release|Any CPU
		{6D04C49F-A903-47BF-81EF-5738A69F3644}.Release|Any CPU.Build.0 = Release|Any CPU
	EndGlobalSection
	GlobalSection(SolutionProperties) = preSolution
		HideSolutionNode = FALSE
	EndGlobalSection
	GlobalSection(ExtensibilityGlobals) = postSolution
		SolutionGuid = {CE8E469E-4921-4705-B500-3A308728D937}
	EndGlobalSection
EndGlobal
